
Microsoft Visual Studio Solution File, Format Version 12.00
# Visual Studio Version 17
VisualStudioVersion = 17.1.32228.430
MinimumVisualStudioVersion = 10.0.40219.1
Project("{FAE04EC0-301F-11D3-BF4B-00C04F79EFBC}") = "DSA", "DSA\DSA.csproj", "{3B15C519-A55C-4132-9182-CD921353959A}"
EndProject
Global
	GlobalSection(SolutionConfigurationPlatforms) = preSolution
		Debug|Any CPU = Debug|Any CPU
		Release|Any CPU = Release|Any CPU
	EndGlobalSection
	GlobalSection(ProjectConfigurationPlatforms) = postSolution
		{3B15C519-A55C-4132-9182-CD921353959A}.Debug|Any CPU.ActiveCfg = Debug|Any CPU
		{3B15C519-A55C-4132-9182-CD921353959A}.Debug|Any CPU.Build.0 = Debug|Any CPU
		{3B15C519-A55C-4132-9182-CD921353959A}.Release|Any CPU.ActiveCfg = Release|Any CPU
		{3B15C519-A55C-4132-9182-CD921353959A}.Release|Any CPU.Build.0 = Release|Any CPU
	EndGlobalSection
	GlobalSection(SolutionProperties) = preSolution
		HideSolutionNode = FALSE
	EndGlobalSection
	GlobalSection(ExtensibilityGlobals) = postSolution
		SolutionGuid = {A4EACBF5-8FB3-4A04-B27A-BB246020EBEF}
	EndGlobalSection
EndGlobal
